{
  "name": "gatsby-source-pokemons",
  "version": "1.0.6",
  "lockfileVersion": 1,
  "requires": true,
  "dependencies": {
    "pokemons": {
      "version": "1.1.0",
      "resolved": "https://registry.npmjs.org/pokemons/-/pokemons-1.1.0.tgz",
      "integrity": "sha512-E6OC0vwbbYakttwfc0rELJeEhJ9158uY7m8deSVGAoKSNTY3iVsoij7v1Gzq4rGElOYImhos4sxBsIAaiQy13Q=="
    }
  }
}
