# THIS IS AN AUTOGENERATED FILE. DO NOT EDIT THIS FILE DIRECTLY.
# yarn lockfile v1


pokemons@^1.1.0:
  version "1.1.0"
  resolved "https://registry.yarnpkg.com/pokemons/-/pokemons-1.1.0.tgz#f61cb92bf2709b7d390cd1c66ff9b48f5f954d16"
  integrity sha512-E6OC0vwbbYakttwfc0rELJeEhJ9158uY7m8deSVGAoKSNTY3iVsoij7v1Gzq4rGElOYImhos4sxBsIAaiQy13Q==
